
Microsoft Visual Studio Solution File, Format Version 11.00
# Visual Studio 2010
Project("{FAE04EC0-301F-11D3-BF4B-00C04F79EFBC}") = "ardan01", "Assembly-CSharp.csproj", "{8A191F11-269F-C2C8-2CEA-7EC850AF5B2B}"
EndProject
Global
	GlobalSection(SolutionConfigurationPlatforms) = preSolution
		Debug|Any CPU = Debug|Any CPU
		Release|Any CPU = Release|Any CPU
	EndGlobalSection
	GlobalSection(ProjectConfigurationPlatforms) = postSolution
		{8A191F11-269F-C2C8-2CEA-7EC850AF5B2B}.Debug|Any CPU.ActiveCfg = Debug|Any CPU
		{8A191F11-269F-C2C8-2CEA-7EC850AF5B2B}.Debug|Any CPU.Build.0 = Debug|Any CPU
		{8A191F11-269F-C2C8-2CEA-7EC850AF5B2B}.Release|Any CPU.ActiveCfg = Release|Any CPU
		{8A191F11-269F-C2C8-2CEA-7EC850AF5B2B}.Release|Any CPU.Build.0 = Release|Any CPU
	EndGlobalSection
	GlobalSection(SolutionProperties) = preSolution
		HideSolutionNode = FALSE
	EndGlobalSection
	GlobalSection(MonoDevelopProperties) = preSolution
		StartupItem = Assembly-CSharp.csproj
	EndGlobalSection
EndGlobal
